{
  "lockfile_version": "1",
  "packages": {
    "air@1.61.1": {
      "last_modified": "2024-11-28T07:51:56Z",
      "resolved": "github:NixOS/nixpkgs/226216574ada4c3ecefcbbec41f39ce4655f78ef#air",
      "source": "devbox-search",
      "version": "1.61.1",
      "systems": {
        "aarch64-darwin": {
          "outputs": [
            {
              "name": "out",
              "path": "/nix/store/0s90vbnmsyyixs0991md21pbrw8babfb-air-1.61.1",
              "default": true
            }
          ],
          "store_path": "/nix/store/0s90vbnmsyyixs0991md21pbrw8babfb-air-1.61.1"
        },
        "aarch64-linux": {
          "outputs": [
            {
              "name": "out",
              "path": "/nix/store/8mpw2asxs297v26fxqy2y1bq438f344l-air-1.61.1",
              "default": true
            }
          ],
          "store_path": "/nix/store/8mpw2asxs297v26fxqy2y1bq438f344l-air-1.61.1"
        },
        "x86_64-darwin": {
          "outputs": [
            {
              "name": "out",
              "path": "/nix/store/b4l66ssp88isaj4v66y8gbbdmhz5qv4b-air-1.61.1",
              "default": true
            }
          ],
          "store_path": "/nix/store/b4l66ssp88isaj4v66y8gbbdmhz5qv4b-air-1.61.1"
        },
        "x86_64-linux": {
          "outputs": [
            {
              "name": "out",
              "path": "/nix/store/2byv2qxyi3p32cr2iqzbzz8rvchsrx0z-air-1.61.1",
              "default": true
            }
          ],
          "store_path": "/nix/store/2byv2qxyi3p32cr2iqzbzz8rvchsrx0z-air-1.61.1"
        }
      }
    },
    "bun@1.1.34": {
      "last_modified": "2024-11-26T10:33:56Z",
      "resolved": "github:NixOS/nixpkgs/af51545ec9a44eadf3fe3547610a5cdd882bc34e#bun",
      "source": "devbox-search",
      "version": "1.1.34",
      "systems": {
        "aarch64-darwin": {
          "outputs": [
            {
              "name": "out",
              "path": "/nix/store/0hxh6hmzkpg56l11vsnyb287jynhf5f4-bun-1.1.34",
              "default": true
            }
          ],
          "store_path": "/nix/store/0hxh6hmzkpg56l11vsnyb287jynhf5f4-bun-1.1.34"
        },
        "aarch64-linux": {
          "outputs": [
            {
              "name": "out",
              "path": "/nix/store/dyxydqn8j83z5y45bxcx2haz7kzpwsi2-bun-1.1.34",
              "default": true
            }
          ],
          "store_path": "/nix/store/dyxydqn8j83z5y45bxcx2haz7kzpwsi2-bun-1.1.34"
        },
        "x86_64-darwin": {
          "outputs": [
            {
              "name": "out",
              "path": "/nix/store/7s01gy8pq3ml26710891gvb4hv32l7wa-bun-1.1.34",
              "default": true
            }
          ],
          "store_path": "/nix/store/7s01gy8pq3ml26710891gvb4hv32l7wa-bun-1.1.34"
        },
        "x86_64-linux": {
          "outputs": [
            {
              "name": "out",
              "path": "/nix/store/mqfi5wn6fddjlvnp24v58frd131i22xq-bun-1.1.34",
              "default": true
            }
          ],
          "store_path": "/nix/store/mqfi5wn6fddjlvnp24v58frd131i22xq-bun-1.1.34"
        }
      }
    },
    "github:NixOS/nixpkgs/nixpkgs-unstable": {
      "resolved": "github:NixOS/nixpkgs/2d068ae5c6516b2d04562de50a58c682540de9bf?lastModified=1740303746&narHash=sha256-XcdiWLEhjJkMxDLKQJ0CCivmYYCvA5MDxu9pMybM5kM%3D"
    },
    "go-task@latest": {
      "last_modified": "2024-12-11T16:51:25Z",
      "resolved": "github:NixOS/nixpkgs/5a48e3c2e435e95103d56590188cfed7b70e108c#go-task",
      "source": "devbox-search",
      "version": "3.40.1",
      "systems": {
        "aarch64-darwin": {
          "outputs": [
            {
              "name": "out",
              "path": "/nix/store/ymxlzx52b91kag9spjzkg14win3qv7cz-go-task-3.40.1",
              "default": true
            }
          ],
          "store_path": "/nix/store/ymxlzx52b91kag9spjzkg14win3qv7cz-go-task-3.40.1"
        },
        "aarch64-linux": {
          "outputs": [
            {
              "name": "out",
              "path": "/nix/store/wvh907br8rl1w4blkx6clxgh1kwbahl6-go-task-3.40.1",
              "default": true
            }
          ],
          "store_path": "/nix/store/wvh907br8rl1w4blkx6clxgh1kwbahl6-go-task-3.40.1"
        },
        "x86_64-darwin": {
          "outputs": [
            {
              "name": "out",
              "path": "/nix/store/3cdlrnlspqhzsa9qyhl8wdxwcdgm4z79-go-task-3.40.1",
              "default": true
            }
          ],
          "store_path": "/nix/store/3cdlrnlspqhzsa9qyhl8wdxwcdgm4z79-go-task-3.40.1"
        },
        "x86_64-linux": {
          "outputs": [
            {
              "name": "out",
              "path": "/nix/store/2476b47w2v3kil9pxskjcfay8ag8d1x8-go-task-3.40.1",
              "default": true
            }
          ],
          "store_path": "/nix/store/2476b47w2v3kil9pxskjcfay8ag8d1x8-go-task-3.40.1"
        }
      }
    },
    "go@1.23.3": {
      "last_modified": "2024-11-28T07:51:56Z",
      "resolved": "github:NixOS/nixpkgs/226216574ada4c3ecefcbbec41f39ce4655f78ef#go",
      "source": "devbox-search",
      "version": "1.23.3",
      "systems": {
        "aarch64-darwin": {
          "outputs": [
            {
              "name": "out",
              "path": "/nix/store/qrj2wp6vzfpjfrrlcmr22818zg83fb73-go-1.23.3",
              "default": true
            }
          ],
          "store_path": "/nix/store/qrj2wp6vzfpjfrrlcmr22818zg83fb73-go-1.23.3"
        },
        "aarch64-linux": {
          "outputs": [
            {
              "name": "out",
              "path": "/nix/store/dm66qyl19skrwcmk4rb9xcs64xc1d071-go-1.23.3",
              "default": true
            }
          ],
          "store_path": "/nix/store/dm66qyl19skrwcmk4rb9xcs64xc1d071-go-1.23.3"
        },
        "x86_64-darwin": {
          "outputs": [
            {
              "name": "out",
              "path": "/nix/store/alkrwr7w62qp3160q0azcvnyn0184hw3-go-1.23.3",
              "default": true
            }
          ],
          "store_path": "/nix/store/alkrwr7w62qp3160q0azcvnyn0184hw3-go-1.23.3"
        },
        "x86_64-linux": {
          "outputs": [
            {
              "name": "out",
              "path": "/nix/store/bavnchxi7v6xs077jxv7fl5rrqc3y87w-go-1.23.3",
              "default": true
            }
          ],
          "store_path": "/nix/store/bavnchxi7v6xs077jxv7fl5rrqc3y87w-go-1.23.3"
        }
      }
    },
    "golangci-lint@1.58.2": {
      "last_modified": "2024-05-22T06:18:38Z",
      "resolved": "github:NixOS/nixpkgs/3f316d2a50699a78afe5e77ca486ad553169061e#golangci-lint",
      "source": "devbox-search",
      "version": "1.58.2",
      "systems": {
        "aarch64-darwin": {
          "outputs": [
            {
              "name": "out",
              "path": "/nix/store/pv2mp5glilmcn6azgfb1ykkv1c4ahvz9-golangci-lint-1.58.2",
              "default": true
            }
          ],
          "store_path": "/nix/store/pv2mp5glilmcn6azgfb1ykkv1c4ahvz9-golangci-lint-1.58.2"
        },
        "aarch64-linux": {
          "outputs": [
            {
              "name": "out",
              "path": "/nix/store/2xg94whvcv8rbkvdyg8jisj4fgkp3533-golangci-lint-1.58.2",
              "default": true
            }
          ],
          "store_path": "/nix/store/2xg94whvcv8rbkvdyg8jisj4fgkp3533-golangci-lint-1.58.2"
        },
        "x86_64-darwin": {
          "outputs": [
            {
              "name": "out",
              "path": "/nix/store/ahhq31z0vfqvzjidszj2041v7h8wwv02-golangci-lint-1.58.2",
              "default": true
            }
          ],
          "store_path": "/nix/store/ahhq31z0vfqvzjidszj2041v7h8wwv02-golangci-lint-1.58.2"
        },
        "x86_64-linux": {
          "outputs": [
            {
              "name": "out",
              "path": "/nix/store/y73cjxcbrwgam640pia6pd0pahdz9fqp-golangci-lint-1.58.2",
              "default": true
            }
          ],
          "store_path": "/nix/store/y73cjxcbrwgam640pia6pd0pahdz9fqp-golangci-lint-1.58.2"
        }
      }
    },
    "rabbitmq-server@latest": {
      "last_modified": "2025-02-13T04:03:32Z",
      "resolved": "github:NixOS/nixpkgs/2d55b4c1531187926c2a423f6940b3b1301399b5#rabbitmq-server",
      "source": "devbox-search",
      "version": "4.0.6",
      "systems": {
        "aarch64-darwin": {
          "outputs": [
            {
              "name": "out",
              "path": "/nix/store/wmb56qvjw4g399zgsarlncwm8jgwvr1d-rabbitmq-server-4.0.6",
              "default": true
            },
            {
              "name": "man",
              "path": "/nix/store/jyf1xc2hx9prkk70kgz7qp2f8phlc2nw-rabbitmq-server-4.0.6-man",
              "default": true
            },
            {
              "name": "doc",
              "path": "/nix/store/yvji3xwa68qgnp6mx24w4f6w890xs7ip-rabbitmq-server-4.0.6-doc"
            }
          ],
          "store_path": "/nix/store/wmb56qvjw4g399zgsarlncwm8jgwvr1d-rabbitmq-server-4.0.6"
        },
        "aarch64-linux": {
          "outputs": [
            {
              "name": "out",
              "path": "/nix/store/cyc9ql2i6081506szbkv29sgr744c8h9-rabbitmq-server-4.0.6",
              "default": true
            },
            {
              "name": "man",
              "path": "/nix/store/hi5hcrnqqaym035pqij0h8xln4ascg6b-rabbitmq-server-4.0.6-man",
              "default": true
            },
            {
              "name": "doc",
              "path": "/nix/store/aj35i3ymf8xgm5q1rcvy6v89x99p5vci-rabbitmq-server-4.0.6-doc"
            }
          ],
          "store_path": "/nix/store/cyc9ql2i6081506szbkv29sgr744c8h9-rabbitmq-server-4.0.6"
        },
        "x86_64-darwin": {
          "outputs": [
            {
              "name": "out",
              "path": "/nix/store/ryk1n9w70a907rmy6ph2myvzpj3v8lgd-rabbitmq-server-4.0.6",
              "default": true
            },
            {
              "name": "man",
              "path": "/nix/store/gs7rj59f4f8626qy8qf404lsxk49wcdc-rabbitmq-server-4.0.6-man",
              "default": true
            },
            {
              "name": "doc",
              "path": "/nix/store/1vx9rd0j6idqkxxch7hxm9hfr1s8md9l-rabbitmq-server-4.0.6-doc"
            }
          ],
          "store_path": "/nix/store/ryk1n9w70a907rmy6ph2myvzpj3v8lgd-rabbitmq-server-4.0.6"
        },
        "x86_64-linux": {
          "outputs": [
            {
              "name": "out",
              "path": "/nix/store/g9zg44mraif6spz5kw471xj4zhrxbnr4-rabbitmq-server-4.0.6",
              "default": true
            },
            {
              "name": "man",
              "path": "/nix/store/m4lcn1sbdgn91xnhln9r7c16bsbsifsw-rabbitmq-server-4.0.6-man",
              "default": true
            },
            {
              "name": "doc",
              "path": "/nix/store/cndb95pq13czry8lqp1gin6wpipjhcss-rabbitmq-server-4.0.6-doc"
            }
          ],
          "store_path": "/nix/store/g9zg44mraif6spz5kw471xj4zhrxbnr4-rabbitmq-server-4.0.6"
        }
      }
    },
    "templ@0.2.793": {
      "last_modified": "2024-11-28T07:51:56Z",
      "resolved": "github:NixOS/nixpkgs/226216574ada4c3ecefcbbec41f39ce4655f78ef#templ",
      "source": "devbox-search",
      "version": "0.2.793",
      "systems": {
        "aarch64-darwin": {
          "outputs": [
            {
              "name": "out",
              "path": "/nix/store/ivargvf76g71k5gk3iz4al52rsy28w38-templ-0.2.793",
              "default": true
            }
          ],
          "store_path": "/nix/store/ivargvf76g71k5gk3iz4al52rsy28w38-templ-0.2.793"
        },
        "aarch64-linux": {
          "outputs": [
            {
              "name": "out",
              "path": "/nix/store/03654iddn006yx5j1lqq496hax60v8p5-templ-0.2.793",
              "default": true
            }
          ],
          "store_path": "/nix/store/03654iddn006yx5j1lqq496hax60v8p5-templ-0.2.793"
        },
        "x86_64-darwin": {
          "outputs": [
            {
              "name": "out",
              "path": "/nix/store/cqyjl82hyql209iasjfjvvlj795xi3gh-templ-0.2.793",
              "default": true
            }
          ],
          "store_path": "/nix/store/cqyjl82hyql209iasjfjvvlj795xi3gh-templ-0.2.793"
        },
        "x86_64-linux": {
          "outputs": [
            {
              "name": "out",
              "path": "/nix/store/p78h7a4amkpyhppx4xv0rmddcl4kqih1-templ-0.2.793",
              "default": true
            }
          ],
          "store_path": "/nix/store/p78h7a4amkpyhppx4xv0rmddcl4kqih1-templ-0.2.793"
        }
      }
    },
    "valkey@latest": {
      "last_modified": "2025-02-07T11:26:36Z",
      "plugin_version": "0.0.1",
      "resolved": "github:NixOS/nixpkgs/d98abf5cf5914e5e4e9d57205e3af55ca90ffc1d#valkey",
      "source": "devbox-search",
      "version": "8.0.2",
      "systems": {
        "aarch64-darwin": {
          "outputs": [
            {
              "name": "out",
              "path": "/nix/store/y4jvh5nz4mfxgbxkyzz734g52s1vssrb-valkey-8.0.2",
              "default": true
            }
          ],
          "store_path": "/nix/store/y4jvh5nz4mfxgbxkyzz734g52s1vssrb-valkey-8.0.2"
        },
        "aarch64-linux": {
          "outputs": [
            {
              "name": "out",
              "path": "/nix/store/r3ml6233a5gz75kl7fkqlrdx1kb41a0r-valkey-8.0.2",
              "default": true
            }
          ],
          "store_path": "/nix/store/r3ml6233a5gz75kl7fkqlrdx1kb41a0r-valkey-8.0.2"
        },
        "x86_64-darwin": {
          "outputs": [
            {
              "name": "out",
              "path": "/nix/store/4gsyc6spbk2c5rgq74lkf9ghil5a0rqf-valkey-8.0.2",
              "default": true
            }
          ],
          "store_path": "/nix/store/4gsyc6spbk2c5rgq74lkf9ghil5a0rqf-valkey-8.0.2"
        },
        "x86_64-linux": {
          "outputs": [
            {
              "name": "out",
              "path": "/nix/store/1i73ygjixgfq2cn4jsd76jwii9v5ydgi-valkey-8.0.2",
              "default": true
            }
          ],
          "store_path": "/nix/store/1i73ygjixgfq2cn4jsd76jwii9v5ydgi-valkey-8.0.2"
        }
      }
    }
  }
}
