{
  "lockfile_version": "1",
  "packages": {
    "air@1.61.1": {
      "last_modified": "2024-12-03T12:40:06Z",
      "resolved": "github:NixOS/nixpkgs/566e53c2ad750c84f6d31f9ccb9d00f823165550#air",
      "source": "devbox-search",
      "version": "1.61.1",
      "systems": {
        "aarch64-darwin": {
          "outputs": [
            {
              "name": "out",
              "path": "/nix/store/85qxx08jmizm266ryajgxdj066y27f2l-air-1.61.1",
              "default": true
            }
          ],
          "store_path": "/nix/store/85qxx08jmizm266ryajgxdj066y27f2l-air-1.61.1"
        },
        "aarch64-linux": {
          "outputs": [
            {
              "name": "out",
              "path": "/nix/store/3r9b8pmia0jxcczy1k2v6blflx5ql42i-air-1.61.1",
              "default": true
            }
          ],
          "store_path": "/nix/store/3r9b8pmia0jxcczy1k2v6blflx5ql42i-air-1.61.1"
        },
        "x86_64-darwin": {
          "outputs": [
            {
              "name": "out",
              "path": "/nix/store/b4l66ssp88isaj4v66y8gbbdmhz5qv4b-air-1.61.1",
              "default": true
            }
          ],
          "store_path": "/nix/store/b4l66ssp88isaj4v66y8gbbdmhz5qv4b-air-1.61.1"
        },
        "x86_64-linux": {
          "outputs": [
            {
              "name": "out",
              "path": "/nix/store/2byv2qxyi3p32cr2iqzbzz8rvchsrx0z-air-1.61.1",
              "default": true
            }
          ],
          "store_path": "/nix/store/2byv2qxyi3p32cr2iqzbzz8rvchsrx0z-air-1.61.1"
        }
      }
    },
    "bun@1.1.34": {
      "last_modified": "2024-11-26T10:33:56Z",
      "resolved": "github:NixOS/nixpkgs/af51545ec9a44eadf3fe3547610a5cdd882bc34e#bun",
      "source": "devbox-search",
      "version": "1.1.34",
      "systems": {
        "aarch64-darwin": {
          "outputs": [
            {
              "name": "out",
              "path": "/nix/store/0hxh6hmzkpg56l11vsnyb287jynhf5f4-bun-1.1.34",
              "default": true
            }
          ],
          "store_path": "/nix/store/0hxh6hmzkpg56l11vsnyb287jynhf5f4-bun-1.1.34"
        },
        "aarch64-linux": {
          "outputs": [
            {
              "name": "out",
              "path": "/nix/store/dyxydqn8j83z5y45bxcx2haz7kzpwsi2-bun-1.1.34",
              "default": true
            }
          ],
          "store_path": "/nix/store/dyxydqn8j83z5y45bxcx2haz7kzpwsi2-bun-1.1.34"
        },
        "x86_64-darwin": {
          "outputs": [
            {
              "name": "out",
              "path": "/nix/store/7s01gy8pq3ml26710891gvb4hv32l7wa-bun-1.1.34",
              "default": true
            }
          ],
          "store_path": "/nix/store/7s01gy8pq3ml26710891gvb4hv32l7wa-bun-1.1.34"
        },
        "x86_64-linux": {
          "outputs": [
            {
              "name": "out",
              "path": "/nix/store/mqfi5wn6fddjlvnp24v58frd131i22xq-bun-1.1.34",
              "default": true
            }
          ],
          "store_path": "/nix/store/mqfi5wn6fddjlvnp24v58frd131i22xq-bun-1.1.34"
        }
      }
    },
    "github:NixOS/nixpkgs/nixpkgs-unstable": {
      "resolved": "github:NixOS/nixpkgs/2d068ae5c6516b2d04562de50a58c682540de9bf?lastModified=1740303746&narHash=sha256-XcdiWLEhjJkMxDLKQJ0CCivmYYCvA5MDxu9pMybM5kM%3D"
    },
    "glibcLocales@latest": {
      "last_modified": "2025-05-06T08:06:31Z",
      "resolved": "github:NixOS/nixpkgs/1cb1c02a6b1b7cf67e3d7731cbbf327a53da9679#glibcLocales",
      "source": "devbox-search",
      "version": "2.40-66",
      "systems": {
        "aarch64-linux": {
          "outputs": [
            {
              "name": "out",
              "path": "/nix/store/7af0gzp82zy3g8gn9khxwj60npcsmbvh-glibc-locales-2.40-66",
              "default": true
            }
          ],
          "store_path": "/nix/store/7af0gzp82zy3g8gn9khxwj60npcsmbvh-glibc-locales-2.40-66"
        },
        "x86_64-linux": {
          "outputs": [
            {
              "name": "out",
              "path": "/nix/store/4blrfy4r48iv9838amm77qqizc8shd9p-glibc-locales-2.40-66",
              "default": true
            }
          ],
          "store_path": "/nix/store/4blrfy4r48iv9838amm77qqizc8shd9p-glibc-locales-2.40-66"
        }
      }
    },
    "go-task@3.41.0": {
      "last_modified": "2025-02-07T11:26:36Z",
      "resolved": "github:NixOS/nixpkgs/d98abf5cf5914e5e4e9d57205e3af55ca90ffc1d#go-task",
      "source": "devbox-search",
      "version": "3.41.0",
      "systems": {
        "aarch64-darwin": {
          "outputs": [
            {
              "name": "out",
              "path": "/nix/store/m0zc229zl4nfi9800dvxikyp31davmgl-go-task-3.41.0",
              "default": true
            }
          ],
          "store_path": "/nix/store/m0zc229zl4nfi9800dvxikyp31davmgl-go-task-3.41.0"
        },
        "aarch64-linux": {
          "outputs": [
            {
              "name": "out",
              "path": "/nix/store/3yg6irq9bdr34krjp0nbrrpd8gzfr4ag-go-task-3.41.0",
              "default": true
            }
          ],
          "store_path": "/nix/store/3yg6irq9bdr34krjp0nbrrpd8gzfr4ag-go-task-3.41.0"
        },
        "x86_64-darwin": {
          "outputs": [
            {
              "name": "out",
              "path": "/nix/store/slgvld5bfxl4caqi5jwwd583ay12cikj-go-task-3.41.0",
              "default": true
            }
          ],
          "store_path": "/nix/store/slgvld5bfxl4caqi5jwwd583ay12cikj-go-task-3.41.0"
        },
        "x86_64-linux": {
          "outputs": [
            {
              "name": "out",
              "path": "/nix/store/jn35gb9isnqzr9mfwhmig40c6iflmadz-go-task-3.41.0",
              "default": true
            }
          ],
          "store_path": "/nix/store/jn35gb9isnqzr9mfwhmig40c6iflmadz-go-task-3.41.0"
        }
      }
    },
    "go@1.23.3": {
      "last_modified": "2024-11-28T07:51:56Z",
      "resolved": "github:NixOS/nixpkgs/226216574ada4c3ecefcbbec41f39ce4655f78ef#go",
      "source": "devbox-search",
      "version": "1.23.3",
      "systems": {
        "aarch64-darwin": {
          "outputs": [
            {
              "name": "out",
              "path": "/nix/store/qrj2wp6vzfpjfrrlcmr22818zg83fb73-go-1.23.3",
              "default": true
            }
          ],
          "store_path": "/nix/store/qrj2wp6vzfpjfrrlcmr22818zg83fb73-go-1.23.3"
        },
        "aarch64-linux": {
          "outputs": [
            {
              "name": "out",
              "path": "/nix/store/dm66qyl19skrwcmk4rb9xcs64xc1d071-go-1.23.3",
              "default": true
            }
          ],
          "store_path": "/nix/store/dm66qyl19skrwcmk4rb9xcs64xc1d071-go-1.23.3"
        },
        "x86_64-darwin": {
          "outputs": [
            {
              "name": "out",
              "path": "/nix/store/alkrwr7w62qp3160q0azcvnyn0184hw3-go-1.23.3",
              "default": true
            }
          ],
          "store_path": "/nix/store/alkrwr7w62qp3160q0azcvnyn0184hw3-go-1.23.3"
        },
        "x86_64-linux": {
          "outputs": [
            {
              "name": "out",
              "path": "/nix/store/bavnchxi7v6xs077jxv7fl5rrqc3y87w-go-1.23.3",
              "default": true
            }
          ],
          "store_path": "/nix/store/bavnchxi7v6xs077jxv7fl5rrqc3y87w-go-1.23.3"
        }
      }
    },
    "postgresql@latest": {
      "last_modified": "2025-03-01T01:09:10Z",
      "plugin_version": "0.0.2",
      "resolved": "github:NixOS/nixpkgs/199169a2135e6b864a888e89a2ace345703c025d#postgresql",
      "source": "devbox-search",
      "version": "17.4",
      "systems": {
        "aarch64-darwin": {
          "outputs": [
            {
              "name": "out",
              "path": "/nix/store/zd35b0i1fhjmc26cn6a8ghprhkmzp79b-postgresql-17.4",
              "default": true
            },
            {
              "name": "man",
              "path": "/nix/store/zgai1p4565qwdvqc7mmsl3247n3knsk9-postgresql-17.4-man",
              "default": true
            },
            {
              "name": "lib",
              "path": "/nix/store/09sv4cw1gg77vd93dcjwl85b0cb7kxg5-postgresql-17.4-lib"
            },
            {
              "name": "dev",
              "path": "/nix/store/irr6cjglf380f30bzmwbbzji1a4bz5h8-postgresql-17.4-dev"
            },
            {
              "name": "doc",
              "path": "/nix/store/28xzxn1fjp65m05ifxkxcd19j1ynzk0a-postgresql-17.4-doc"
            }
          ],
          "store_path": "/nix/store/zd35b0i1fhjmc26cn6a8ghprhkmzp79b-postgresql-17.4"
        },
        "aarch64-linux": {
          "outputs": [
            {
              "name": "out",
              "path": "/nix/store/xzzw3572n865kxwf2q23hsxya7mmd4b7-postgresql-17.4",
              "default": true
            },
            {
              "name": "man",
              "path": "/nix/store/brpaqrlg6r4vvildlv709wh8319cy2qp-postgresql-17.4-man",
              "default": true
            },
            {
              "name": "lib",
              "path": "/nix/store/ysh2fpwba8679b6l6j4yn2skf89hyd0r-postgresql-17.4-lib"
            },
            {
              "name": "debug",
              "path": "/nix/store/is8w57lbgyqlnbdc47sg6hjnwv6b5vsp-postgresql-17.4-debug"
            },
            {
              "name": "dev",
              "path": "/nix/store/0xvzh654xby0q7ksnff6j0swai9j2bm1-postgresql-17.4-dev"
            },
            {
              "name": "doc",
              "path": "/nix/store/9fyahcf4n0k7nfdy2mddylkiyhnfnkbr-postgresql-17.4-doc"
            }
          ],
          "store_path": "/nix/store/xzzw3572n865kxwf2q23hsxya7mmd4b7-postgresql-17.4"
        },
        "x86_64-darwin": {
          "outputs": [
            {
              "name": "out",
              "path": "/nix/store/l20rz2blm09y0dv9p6ljaps8nlcldway-postgresql-17.4",
              "default": true
            },
            {
              "name": "man",
              "path": "/nix/store/7xacvnqxsix81p68dnmy427jpgz0w1g6-postgresql-17.4-man",
              "default": true
            },
            {
              "name": "dev",
              "path": "/nix/store/12xlky44qs9nw3z75md9a96bnhs5an31-postgresql-17.4-dev"
            },
            {
              "name": "doc",
              "path": "/nix/store/va23gqn6vb1g0nqqmgqikkmvvcb9qrb3-postgresql-17.4-doc"
            },
            {
              "name": "lib",
              "path": "/nix/store/zbgy14l9kq3m2ywg89ahmpm4ajvf1qw2-postgresql-17.4-lib"
            }
          ],
          "store_path": "/nix/store/l20rz2blm09y0dv9p6ljaps8nlcldway-postgresql-17.4"
        },
        "x86_64-linux": {
          "outputs": [
            {
              "name": "out",
              "path": "/nix/store/dn4ya5zan8fxkid33amkbbck5nz9b9g8-postgresql-17.4",
              "default": true
            },
            {
              "name": "man",
              "path": "/nix/store/5pvsil11xpg4qjxrvi68xcw2rfzxfngq-postgresql-17.4-man",
              "default": true
            },
            {
              "name": "debug",
              "path": "/nix/store/kd63hmy16mx56hdx62vpk7c7vr22b72i-postgresql-17.4-debug"
            },
            {
              "name": "dev",
              "path": "/nix/store/cgrm2svpaah7mvgs9cy5x25x3wmv5fkk-postgresql-17.4-dev"
            },
            {
              "name": "doc",
              "path": "/nix/store/qksfx1vscxgjmmvl3nrs6qv6vi2wsiyp-postgresql-17.4-doc"
            },
            {
              "name": "lib",
              "path": "/nix/store/29bxhk93nz6sbd5czrh0gwc0fgpa96xs-postgresql-17.4-lib"
            }
          ],
          "store_path": "/nix/store/dn4ya5zan8fxkid33amkbbck5nz9b9g8-postgresql-17.4"
        }
      }
    },
    "rabbitmq-server@latest": {
      "last_modified": "2025-02-27T15:48:43Z",
      "resolved": "github:NixOS/nixpkgs/6c5c5f5100281f8f4ff23f13edd17d645178c87c#rabbitmq-server",
      "source": "devbox-search",
      "version": "4.0.7",
      "systems": {
        "aarch64-darwin": {
          "outputs": [
            {
              "name": "out",
              "path": "/nix/store/v1dnahqs2kxnvxf0p40jb72mr253kk97-rabbitmq-server-4.0.7",
              "default": true
            },
            {
              "name": "man",
              "path": "/nix/store/yx61jlacyc7ff8xmx55ih3l55bjbvh7x-rabbitmq-server-4.0.7-man",
              "default": true
            },
            {
              "name": "doc",
              "path": "/nix/store/s2m6xx6h80qb1gcbdvk4b692i1xsivgy-rabbitmq-server-4.0.7-doc"
            }
          ],
          "store_path": "/nix/store/v1dnahqs2kxnvxf0p40jb72mr253kk97-rabbitmq-server-4.0.7"
        },
        "aarch64-linux": {
          "outputs": [
            {
              "name": "out",
              "path": "/nix/store/nl8kphmjfqpnvv8rj1bilw7j884j8l8m-rabbitmq-server-4.0.7",
              "default": true
            },
            {
              "name": "man",
              "path": "/nix/store/yirqdi1njp29h4gzhambkcrcfyy6him6-rabbitmq-server-4.0.7-man",
              "default": true
            },
            {
              "name": "doc",
              "path": "/nix/store/c3x705wyk5midxg0ssibrdy5iv8pjk8z-rabbitmq-server-4.0.7-doc"
            }
          ],
          "store_path": "/nix/store/nl8kphmjfqpnvv8rj1bilw7j884j8l8m-rabbitmq-server-4.0.7"
        },
        "x86_64-darwin": {
          "outputs": [
            {
              "name": "out",
              "path": "/nix/store/j1m3jyn0s5h3vijpbdywh8csym9fpns1-rabbitmq-server-4.0.7",
              "default": true
            },
            {
              "name": "man",
              "path": "/nix/store/2w44i3mhwihqpc6q9i3fh8psyfw6ar04-rabbitmq-server-4.0.7-man",
              "default": true
            },
            {
              "name": "doc",
              "path": "/nix/store/2ai7ahh2ggs33rpdb2npmgv03v2il3a0-rabbitmq-server-4.0.7-doc"
            }
          ],
          "store_path": "/nix/store/j1m3jyn0s5h3vijpbdywh8csym9fpns1-rabbitmq-server-4.0.7"
        },
        "x86_64-linux": {
          "outputs": [
            {
              "name": "out",
              "path": "/nix/store/88md12lxssapv1z0f5zagsdlbbpjpq4h-rabbitmq-server-4.0.7",
              "default": true
            },
            {
              "name": "man",
              "path": "/nix/store/z23pl2110nwkhakld6sg93l7sx0zkygb-rabbitmq-server-4.0.7-man",
              "default": true
            },
            {
              "name": "doc",
              "path": "/nix/store/qjzn25r2vdx8p1i102w3j8v35ky5gpzr-rabbitmq-server-4.0.7-doc"
            }
          ],
          "store_path": "/nix/store/88md12lxssapv1z0f5zagsdlbbpjpq4h-rabbitmq-server-4.0.7"
        }
      }
    },
    "rip2@0.9.4": {
      "last_modified": "2025-05-06T08:06:31Z",
      "resolved": "github:NixOS/nixpkgs/1cb1c02a6b1b7cf67e3d7731cbbf327a53da9679#rip2",
      "source": "devbox-search",
      "version": "0.9.4",
      "systems": {
        "aarch64-darwin": {
          "outputs": [
            {
              "name": "out",
              "path": "/nix/store/jw8hmd158br0yfz778b0fsawvld4skja-rip2-0.9.4",
              "default": true
            }
          ],
          "store_path": "/nix/store/jw8hmd158br0yfz778b0fsawvld4skja-rip2-0.9.4"
        },
        "aarch64-linux": {
          "outputs": [
            {
              "name": "out",
              "path": "/nix/store/gl4yjmq2bjsp0kp7iaxk94zn7hjh17yb-rip2-0.9.4",
              "default": true
            }
          ],
          "store_path": "/nix/store/gl4yjmq2bjsp0kp7iaxk94zn7hjh17yb-rip2-0.9.4"
        },
        "x86_64-darwin": {
          "outputs": [
            {
              "name": "out",
              "path": "/nix/store/w41nzr6nqbn4gsa0bz0cgx2daiqwr4sy-rip2-0.9.4",
              "default": true
            }
          ],
          "store_path": "/nix/store/w41nzr6nqbn4gsa0bz0cgx2daiqwr4sy-rip2-0.9.4"
        },
        "x86_64-linux": {
          "outputs": [
            {
              "name": "out",
              "path": "/nix/store/d3l9z9si2v07w6ss7ajj0gz8g1d2sfii-rip2-0.9.4",
              "default": true
            }
          ],
          "store_path": "/nix/store/d3l9z9si2v07w6ss7ajj0gz8g1d2sfii-rip2-0.9.4"
        }
      }
    },
    "skaffold@latest": {
      "last_modified": "2025-02-26T05:29:08Z",
      "resolved": "github:NixOS/nixpkgs/3a05eebede89661660945da1f151959900903b6a#skaffold",
      "source": "devbox-search",
      "version": "2.14.1",
      "systems": {
        "aarch64-darwin": {
          "outputs": [
            {
              "name": "out",
              "path": "/nix/store/8jql3mdpajkqcigpa6znxz2k9zvk8ann-skaffold-2.14.1",
              "default": true
            }
          ],
          "store_path": "/nix/store/8jql3mdpajkqcigpa6znxz2k9zvk8ann-skaffold-2.14.1"
        },
        "aarch64-linux": {
          "outputs": [
            {
              "name": "out",
              "path": "/nix/store/1ql2gn2y04vz37h5wyf7qqlxb0frvff8-skaffold-2.14.1",
              "default": true
            }
          ],
          "store_path": "/nix/store/1ql2gn2y04vz37h5wyf7qqlxb0frvff8-skaffold-2.14.1"
        },
        "x86_64-darwin": {
          "outputs": [
            {
              "name": "out",
              "path": "/nix/store/q1mgcgh11sd7q50f3y2cg5ixahlh2ayn-skaffold-2.14.1",
              "default": true
            }
          ],
          "store_path": "/nix/store/q1mgcgh11sd7q50f3y2cg5ixahlh2ayn-skaffold-2.14.1"
        },
        "x86_64-linux": {
          "outputs": [
            {
              "name": "out",
              "path": "/nix/store/3j28jvb4j09vf2dvwy625lvzvs9skimg-skaffold-2.14.1",
              "default": true
            }
          ],
          "store_path": "/nix/store/3j28jvb4j09vf2dvwy625lvzvs9skimg-skaffold-2.14.1"
        }
      }
    },
    "tailwindcss_4@4.0.8": {
      "last_modified": "2025-02-23T09:42:26Z",
      "resolved": "github:NixOS/nixpkgs/2d068ae5c6516b2d04562de50a58c682540de9bf#tailwindcss_4",
      "source": "devbox-search",
      "version": "4.0.8",
      "systems": {
        "aarch64-darwin": {
          "outputs": [
            {
              "name": "out",
              "path": "/nix/store/kfsas6zh01xkijlgpbjv5sp82kgwl1r3-tailwindcss_4-4.0.8",
              "default": true
            }
          ],
          "store_path": "/nix/store/kfsas6zh01xkijlgpbjv5sp82kgwl1r3-tailwindcss_4-4.0.8"
        },
        "aarch64-linux": {
          "outputs": [
            {
              "name": "out",
              "path": "/nix/store/c0g3i8vhrlwz6h7pxq2fwxc9y5pd56qj-tailwindcss_4-4.0.8",
              "default": true
            }
          ],
          "store_path": "/nix/store/c0g3i8vhrlwz6h7pxq2fwxc9y5pd56qj-tailwindcss_4-4.0.8"
        },
        "x86_64-darwin": {
          "outputs": [
            {
              "name": "out",
              "path": "/nix/store/60zzlb7z0w58bzqp65y4g30fjkn4n091-tailwindcss_4-4.0.8",
              "default": true
            }
          ],
          "store_path": "/nix/store/60zzlb7z0w58bzqp65y4g30fjkn4n091-tailwindcss_4-4.0.8"
        },
        "x86_64-linux": {
          "outputs": [
            {
              "name": "out",
              "path": "/nix/store/5pgc6348cxl9di0071n13p1z01vplzwy-tailwindcss_4-4.0.8",
              "default": true
            }
          ],
          "store_path": "/nix/store/5pgc6348cxl9di0071n13p1z01vplzwy-tailwindcss_4-4.0.8"
        }
      }
    },
    "templ@0.3.833": {
      "last_modified": "2025-03-09T21:26:12Z",
      "resolved": "github:NixOS/nixpkgs/e05f8bda630a0836d777d84de14b3c16eb758514#templ",
      "source": "devbox-search",
      "version": "0.3.833",
      "systems": {
        "aarch64-darwin": {
          "outputs": [
            {
              "name": "out",
              "path": "/nix/store/hfm05gc8cqfa0ai41h5ibdl38cpp4iy6-templ-0.3.833",
              "default": true
            }
          ],
          "store_path": "/nix/store/hfm05gc8cqfa0ai41h5ibdl38cpp4iy6-templ-0.3.833"
        },
        "aarch64-linux": {
          "outputs": [
            {
              "name": "out",
              "path": "/nix/store/bir5sx0qak6sb4dm25candhcbipia007-templ-0.3.833",
              "default": true
            }
          ],
          "store_path": "/nix/store/bir5sx0qak6sb4dm25candhcbipia007-templ-0.3.833"
        },
        "x86_64-darwin": {
          "outputs": [
            {
              "name": "out",
              "path": "/nix/store/lj68rc0hwbbfrskjbvgvzqji3bajnjkx-templ-0.3.833",
              "default": true
            }
          ],
          "store_path": "/nix/store/lj68rc0hwbbfrskjbvgvzqji3bajnjkx-templ-0.3.833"
        },
        "x86_64-linux": {
          "outputs": [
            {
              "name": "out",
              "path": "/nix/store/2an85n9i2in58z4pmyvny6f3qbzymw3j-templ-0.3.833",
              "default": true
            }
          ],
          "store_path": "/nix/store/2an85n9i2in58z4pmyvny6f3qbzymw3j-templ-0.3.833"
        }
      }
    },
    "valkey@latest": {
      "last_modified": "2025-02-07T11:26:36Z",
      "plugin_version": "0.0.1",
      "resolved": "github:NixOS/nixpkgs/d98abf5cf5914e5e4e9d57205e3af55ca90ffc1d#valkey",
      "source": "devbox-search",
      "version": "8.0.2",
      "systems": {
        "aarch64-darwin": {
          "outputs": [
            {
              "name": "out",
              "path": "/nix/store/y4jvh5nz4mfxgbxkyzz734g52s1vssrb-valkey-8.0.2",
              "default": true
            }
          ],
          "store_path": "/nix/store/y4jvh5nz4mfxgbxkyzz734g52s1vssrb-valkey-8.0.2"
        },
        "aarch64-linux": {
          "outputs": [
            {
              "name": "out",
              "path": "/nix/store/r3ml6233a5gz75kl7fkqlrdx1kb41a0r-valkey-8.0.2",
              "default": true
            }
          ],
          "store_path": "/nix/store/r3ml6233a5gz75kl7fkqlrdx1kb41a0r-valkey-8.0.2"
        },
        "x86_64-darwin": {
          "outputs": [
            {
              "name": "out",
              "path": "/nix/store/4gsyc6spbk2c5rgq74lkf9ghil5a0rqf-valkey-8.0.2",
              "default": true
            }
          ],
          "store_path": "/nix/store/4gsyc6spbk2c5rgq74lkf9ghil5a0rqf-valkey-8.0.2"
        },
        "x86_64-linux": {
          "outputs": [
            {
              "name": "out",
              "path": "/nix/store/1i73ygjixgfq2cn4jsd76jwii9v5ydgi-valkey-8.0.2",
              "default": true
            }
          ],
          "store_path": "/nix/store/1i73ygjixgfq2cn4jsd76jwii9v5ydgi-valkey-8.0.2"
        }
      }
    }
  }
}
