{
  "lockfile_version": "1",
  "packages": {
    "bun@1.1.34": {
      "last_modified": "2024-12-03T12:40:06Z",
      "resolved": "github:NixOS/nixpkgs/566e53c2ad750c84f6d31f9ccb9d00f823165550#bun",
      "source": "devbox-search",
      "version": "1.1.34",
      "systems": {
        "aarch64-darwin": {
          "outputs": [
            {
              "name": "out",
              "path": "/nix/store/dhcxn6jalscn3299n0ixxh81f930qzmm-bun-1.1.34",
              "default": true
            }
          ],
          "store_path": "/nix/store/dhcxn6jalscn3299n0ixxh81f930qzmm-bun-1.1.34"
        },
        "aarch64-linux": {
          "outputs": [
            {
              "name": "out",
              "path": "/nix/store/dyxydqn8j83z5y45bxcx2haz7kzpwsi2-bun-1.1.34",
              "default": true
            }
          ],
          "store_path": "/nix/store/dyxydqn8j83z5y45bxcx2haz7kzpwsi2-bun-1.1.34"
        },
        "x86_64-darwin": {
          "outputs": [
            {
              "name": "out",
              "path": "/nix/store/7s01gy8pq3ml26710891gvb4hv32l7wa-bun-1.1.34",
              "default": true
            }
          ],
          "store_path": "/nix/store/7s01gy8pq3ml26710891gvb4hv32l7wa-bun-1.1.34"
        },
        "x86_64-linux": {
          "outputs": [
            {
              "name": "out",
              "path": "/nix/store/mqfi5wn6fddjlvnp24v58frd131i22xq-bun-1.1.34",
              "default": true
            }
          ],
          "store_path": "/nix/store/mqfi5wn6fddjlvnp24v58frd131i22xq-bun-1.1.34"
        }
      }
    },
    "github:NixOS/nixpkgs/nixpkgs-unstable": {
      "resolved": "github:NixOS/nixpkgs/de0fe301211c267807afd11b12613f5511ff7433?lastModified=1741310760&narHash=sha256-aizILFrPgq%2FW53Jw8i0a1h1GZAAKtlYOrG%2FA5r46gVM%3D"
    },
    "go-task@3.41.0": {
      "last_modified": "2025-02-07T11:26:36Z",
      "resolved": "github:NixOS/nixpkgs/d98abf5cf5914e5e4e9d57205e3af55ca90ffc1d#go-task",
      "source": "devbox-search",
      "version": "3.41.0",
      "systems": {
        "aarch64-darwin": {
          "outputs": [
            {
              "name": "out",
              "path": "/nix/store/m0zc229zl4nfi9800dvxikyp31davmgl-go-task-3.41.0",
              "default": true
            }
          ],
          "store_path": "/nix/store/m0zc229zl4nfi9800dvxikyp31davmgl-go-task-3.41.0"
        },
        "aarch64-linux": {
          "outputs": [
            {
              "name": "out",
              "path": "/nix/store/3yg6irq9bdr34krjp0nbrrpd8gzfr4ag-go-task-3.41.0",
              "default": true
            }
          ],
          "store_path": "/nix/store/3yg6irq9bdr34krjp0nbrrpd8gzfr4ag-go-task-3.41.0"
        },
        "x86_64-darwin": {
          "outputs": [
            {
              "name": "out",
              "path": "/nix/store/slgvld5bfxl4caqi5jwwd583ay12cikj-go-task-3.41.0",
              "default": true
            }
          ],
          "store_path": "/nix/store/slgvld5bfxl4caqi5jwwd583ay12cikj-go-task-3.41.0"
        },
        "x86_64-linux": {
          "outputs": [
            {
              "name": "out",
              "path": "/nix/store/jn35gb9isnqzr9mfwhmig40c6iflmadz-go-task-3.41.0",
              "default": true
            }
          ],
          "store_path": "/nix/store/jn35gb9isnqzr9mfwhmig40c6iflmadz-go-task-3.41.0"
        }
      }
    },
    "go@1.24.3": {
      "last_modified": "2025-05-16T20:19:48Z",
      "resolved": "github:NixOS/nixpkgs/12a55407652e04dcf2309436eb06fef0d3713ef3#go",
      "source": "devbox-search",
      "version": "1.24.3",
      "systems": {
        "aarch64-darwin": {
          "outputs": [
            {
              "name": "out",
              "path": "/nix/store/ps3admpzmc1ryvn9q7sw5xfd94dkrb3f-go-1.24.3",
              "default": true
            }
          ],
          "store_path": "/nix/store/ps3admpzmc1ryvn9q7sw5xfd94dkrb3f-go-1.24.3"
        },
        "aarch64-linux": {
          "outputs": [
            {
              "name": "out",
              "path": "/nix/store/45bnqhyyq40p91k3cjw0farx3hn1swx6-go-1.24.3",
              "default": true
            }
          ],
          "store_path": "/nix/store/45bnqhyyq40p91k3cjw0farx3hn1swx6-go-1.24.3"
        },
        "x86_64-darwin": {
          "outputs": [
            {
              "name": "out",
              "path": "/nix/store/9z2kb6hxij7pqi0fgcn9ijhpb7ajpazs-go-1.24.3",
              "default": true
            }
          ],
          "store_path": "/nix/store/9z2kb6hxij7pqi0fgcn9ijhpb7ajpazs-go-1.24.3"
        },
        "x86_64-linux": {
          "outputs": [
            {
              "name": "out",
              "path": "/nix/store/5xvi25nqmbrg58aixp4zgczilfnp7pwg-go-1.24.3",
              "default": true
            }
          ],
          "store_path": "/nix/store/5xvi25nqmbrg58aixp4zgczilfnp7pwg-go-1.24.3"
        }
      }
    },
    "tailwindcss_4@4.0.8": {
      "last_modified": "2025-02-23T09:42:26Z",
      "resolved": "github:NixOS/nixpkgs/2d068ae5c6516b2d04562de50a58c682540de9bf#tailwindcss_4",
      "source": "devbox-search",
      "version": "4.0.8",
      "systems": {
        "aarch64-darwin": {
          "outputs": [
            {
              "name": "out",
              "path": "/nix/store/kfsas6zh01xkijlgpbjv5sp82kgwl1r3-tailwindcss_4-4.0.8",
              "default": true
            }
          ],
          "store_path": "/nix/store/kfsas6zh01xkijlgpbjv5sp82kgwl1r3-tailwindcss_4-4.0.8"
        },
        "aarch64-linux": {
          "outputs": [
            {
              "name": "out",
              "path": "/nix/store/c0g3i8vhrlwz6h7pxq2fwxc9y5pd56qj-tailwindcss_4-4.0.8",
              "default": true
            }
          ],
          "store_path": "/nix/store/c0g3i8vhrlwz6h7pxq2fwxc9y5pd56qj-tailwindcss_4-4.0.8"
        },
        "x86_64-darwin": {
          "outputs": [
            {
              "name": "out",
              "path": "/nix/store/60zzlb7z0w58bzqp65y4g30fjkn4n091-tailwindcss_4-4.0.8",
              "default": true
            }
          ],
          "store_path": "/nix/store/60zzlb7z0w58bzqp65y4g30fjkn4n091-tailwindcss_4-4.0.8"
        },
        "x86_64-linux": {
          "outputs": [
            {
              "name": "out",
              "path": "/nix/store/5pgc6348cxl9di0071n13p1z01vplzwy-tailwindcss_4-4.0.8",
              "default": true
            }
          ],
          "store_path": "/nix/store/5pgc6348cxl9di0071n13p1z01vplzwy-tailwindcss_4-4.0.8"
        }
      }
    },
    "templ@0.3.833": {
      "last_modified": "2025-03-09T21:26:12Z",
      "resolved": "github:NixOS/nixpkgs/e05f8bda630a0836d777d84de14b3c16eb758514#templ",
      "source": "devbox-search",
      "version": "0.3.833",
      "systems": {
        "aarch64-darwin": {
          "outputs": [
            {
              "name": "out",
              "path": "/nix/store/hfm05gc8cqfa0ai41h5ibdl38cpp4iy6-templ-0.3.833",
              "default": true
            }
          ],
          "store_path": "/nix/store/hfm05gc8cqfa0ai41h5ibdl38cpp4iy6-templ-0.3.833"
        },
        "aarch64-linux": {
          "outputs": [
            {
              "name": "out",
              "path": "/nix/store/bir5sx0qak6sb4dm25candhcbipia007-templ-0.3.833",
              "default": true
            }
          ],
          "store_path": "/nix/store/bir5sx0qak6sb4dm25candhcbipia007-templ-0.3.833"
        },
        "x86_64-darwin": {
          "outputs": [
            {
              "name": "out",
              "path": "/nix/store/lj68rc0hwbbfrskjbvgvzqji3bajnjkx-templ-0.3.833",
              "default": true
            }
          ],
          "store_path": "/nix/store/lj68rc0hwbbfrskjbvgvzqji3bajnjkx-templ-0.3.833"
        },
        "x86_64-linux": {
          "outputs": [
            {
              "name": "out",
              "path": "/nix/store/2an85n9i2in58z4pmyvny6f3qbzymw3j-templ-0.3.833",
              "default": true
            }
          ],
          "store_path": "/nix/store/2an85n9i2in58z4pmyvny6f3qbzymw3j-templ-0.3.833"
        }
      }
    }
  }
}
